// !$*UTF8*$!
{
	archiveVersion = 1;
	classes = {
	};
	objectVersion = 56;
	objects = {

/* Begin PBXBuildFile section */
		31122A6329AEEFBF00144199 /* Bluetooth.swift in Sources */ = {isa = PBXBuildFile; fileRef = 31122A6229AEEFBF00144199 /* Bluetooth.swift */; };
		31122A6529AEEFCF00144199 /* Weather.swift in Sources */ = {isa = PBXBuildFile; fileRef = 31122A6429AEEFCF00144199 /* Weather.swift */; };
		3132FA9329B40F1600718DCA /* RouteTableViewController.swift in Sources */ = {isa = PBXBuildFile; fileRef = 3132FA9229B40F1600718DCA /* RouteTableViewController.swift */; };
		3132FA9629B4185900718DCA /* RouteTableViewCell.swift in Sources */ = {isa = PBXBuildFile; fileRef = 3132FA9429B4185900718DCA /* RouteTableViewCell.swift */; };
		3132FA9729B4185900718DCA /* RouteTableViewCell.xib in Resources */ = {isa = PBXBuildFile; fileRef = 3132FA9529B4185900718DCA /* RouteTableViewCell.xib */; };
		3132FA9929B44BCA00718DCA /* TopBannerViewController.swift in Sources */ = {isa = PBXBuildFile; fileRef = 3132FA9829B44BCA00718DCA /* TopBannerViewController.swift */; };
		31445F01297E3C20001ABAAA /* SearchTableViewController.swift in Sources */ = {isa = PBXBuildFile; fileRef = 31445F00297E3C20001ABAAA /* SearchTableViewController.swift */; };
		3161BA7A29AE951F00DAB8F6 /* HomeViewController.swift in Sources */ = {isa = PBXBuildFile; fileRef = 3161BA7929AE951F00DAB8F6 /* HomeViewController.swift */; };
		316803B629AA6616008A70DA /* AppSettingSwitchTableViewCell.swift in Sources */ = {isa = PBXBuildFile; fileRef = 316803B529AA6616008A70DA /* AppSettingSwitchTableViewCell.swift */; };
		316803B829AA7063008A70DA /* BluetoothViewController.swift in Sources */ = {isa = PBXBuildFile; fileRef = 316803B729AA7063008A70DA /* BluetoothViewController.swift */; };
		316803BB29AAA5C0008A70DA /* MapboxNavigation in Frameworks */ = {isa = PBXBuildFile; productRef = 316803BA29AAA5C0008A70DA /* MapboxNavigation */; };
		316803BD29AAA735008A70DA /* MapBoxViewController.swift in Sources */ = {isa = PBXBuildFile; fileRef = 316803BC29AAA735008A70DA /* MapBoxViewController.swift */; };
		316803C029AAAA27008A70DA /* MapboxSearchUI in Frameworks */ = {isa = PBXBuildFile; productRef = 316803BF29AAAA27008A70DA /* MapboxSearchUI */; };
		316BC61A2981EBD1008D24A7 /* MapModuleViewController.swift in Sources */ = {isa = PBXBuildFile; fileRef = 316BC6192981EBD1008D24A7 /* MapModuleViewController.swift */; };
		31994DD529AEB4D700AF0C51 /* MainTabBarController.swift in Sources */ = {isa = PBXBuildFile; fileRef = 31994DD429AEB4D700AF0C51 /* MainTabBarController.swift */; };
		319F5C9529837818002DB5E5 /* SheetTableViewCell.swift in Sources */ = {isa = PBXBuildFile; fileRef = 319F5C9329837818002DB5E5 /* SheetTableViewCell.swift */; };
		31A2D8DF29A93FAB00EBFD8E /* defunctStatusViewController.swift in Sources */ = {isa = PBXBuildFile; fileRef = 31A2D8DE29A93FAB00EBFD8E /* defunctStatusViewController.swift */; };
		31A2D8E329A97F1400EBFD8E /* AppSettingViewController.swift in Sources */ = {isa = PBXBuildFile; fileRef = 31A2D8E229A97F1400EBFD8E /* AppSettingViewController.swift */; };
		31A2D8E729A9863D00EBFD8E /* AppSettingTableViewCell.swift in Sources */ = {isa = PBXBuildFile; fileRef = 31A2D8E629A9863D00EBFD8E /* AppSettingTableViewCell.swift */; };
		31CEE4E929AF0CA400E10583 /* Location.swift in Sources */ = {isa = PBXBuildFile; fileRef = 31CEE4E829AF0CA400E10583 /* Location.swift */; };
		31F13D79297E0BBA00718DF8 /* AppDelegate.swift in Sources */ = {isa = PBXBuildFile; fileRef = 31F13D78297E0BBA00718DF8 /* AppDelegate.swift */; };
		31F13D7B297E0BBA00718DF8 /* SceneDelegate.swift in Sources */ = {isa = PBXBuildFile; fileRef = 31F13D7A297E0BBA00718DF8 /* SceneDelegate.swift */; };
		31F13D7D297E0BBA00718DF8 /* HomesViewController.swift in Sources */ = {isa = PBXBuildFile; fileRef = 31F13D7C297E0BBA00718DF8 /* HomesViewController.swift */; };
		31F13D80297E0BBA00718DF8 /* Main.storyboard in Resources */ = {isa = PBXBuildFile; fileRef = 31F13D7E297E0BBA00718DF8 /* Main.storyboard */; };
		31F13D82297E0BBB00718DF8 /* Assets.xcassets in Resources */ = {isa = PBXBuildFile; fileRef = 31F13D81297E0BBB00718DF8 /* Assets.xcassets */; };
		31F13D85297E0BBB00718DF8 /* LaunchScreen.storyboard in Resources */ = {isa = PBXBuildFile; fileRef = 31F13D83297E0BBB00718DF8 /* LaunchScreen.storyboard */; };
		31F13D8D297E0E2700718DF8 /* SettingsViewController.swift in Sources */ = {isa = PBXBuildFile; fileRef = 31F13D8C297E0E2700718DF8 /* SettingsViewController.swift */; };
/* End PBXBuildFile section */

/* Begin PBXFileReference section */
		31122A6229AEEFBF00144199 /* Bluetooth.swift */ = {isa = PBXFileReference; lastKnownFileType = sourcecode.swift; path = Bluetooth.swift; sourceTree = "<group>"; };
		31122A6429AEEFCF00144199 /* Weather.swift */ = {isa = PBXFileReference; lastKnownFileType = sourcecode.swift; path = Weather.swift; sourceTree = "<group>"; };
		3132FA9229B40F1600718DCA /* RouteTableViewController.swift */ = {isa = PBXFileReference; lastKnownFileType = sourcecode.swift; path = RouteTableViewController.swift; sourceTree = "<group>"; };
		3132FA9429B4185900718DCA /* RouteTableViewCell.swift */ = {isa = PBXFileReference; lastKnownFileType = sourcecode.swift; path = RouteTableViewCell.swift; sourceTree = "<group>"; };
		3132FA9529B4185900718DCA /* RouteTableViewCell.xib */ = {isa = PBXFileReference; lastKnownFileType = file.xib; path = RouteTableViewCell.xib; sourceTree = "<group>"; };
		3132FA9829B44BCA00718DCA /* TopBannerViewController.swift */ = {isa = PBXFileReference; lastKnownFileType = sourcecode.swift; path = TopBannerViewController.swift; sourceTree = "<group>"; };
		31445F00297E3C20001ABAAA /* SearchTableViewController.swift */ = {isa = PBXFileReference; lastKnownFileType = sourcecode.swift; path = SearchTableViewController.swift; sourceTree = "<group>"; };
		3161BA7929AE951F00DAB8F6 /* HomeViewController.swift */ = {isa = PBXFileReference; lastKnownFileType = sourcecode.swift; path = HomeViewController.swift; sourceTree = "<group>"; };
		316803B529AA6616008A70DA /* AppSettingSwitchTableViewCell.swift */ = {isa = PBXFileReference; lastKnownFileType = sourcecode.swift; path = AppSettingSwitchTableViewCell.swift; sourceTree = "<group>"; };
		316803B729AA7063008A70DA /* BluetoothViewController.swift */ = {isa = PBXFileReference; lastKnownFileType = sourcecode.swift; path = BluetoothViewController.swift; sourceTree = "<group>"; };
		316803BC29AAA735008A70DA /* MapBoxViewController.swift */ = {isa = PBXFileReference; lastKnownFileType = sourcecode.swift; path = MapBoxViewController.swift; sourceTree = "<group>"; };
		316BC6192981EBD1008D24A7 /* MapModuleViewController.swift */ = {isa = PBXFileReference; lastKnownFileType = sourcecode.swift; path = MapModuleViewController.swift; sourceTree = "<group>"; };
		31994DD429AEB4D700AF0C51 /* MainTabBarController.swift */ = {isa = PBXFileReference; lastKnownFileType = sourcecode.swift; path = MainTabBarController.swift; sourceTree = "<group>"; };
		319F5C9329837818002DB5E5 /* SheetTableViewCell.swift */ = {isa = PBXFileReference; lastKnownFileType = sourcecode.swift; path = SheetTableViewCell.swift; sourceTree = "<group>"; };
		31A2D8DE29A93FAB00EBFD8E /* defunctStatusViewController.swift */ = {isa = PBXFileReference; lastKnownFileType = sourcecode.swift; path = defunctStatusViewController.swift; sourceTree = "<group>"; };
		31A2D8E229A97F1400EBFD8E /* AppSettingViewController.swift */ = {isa = PBXFileReference; lastKnownFileType = sourcecode.swift; path = AppSettingViewController.swift; sourceTree = "<group>"; };
		31A2D8E629A9863D00EBFD8E /* AppSettingTableViewCell.swift */ = {isa = PBXFileReference; lastKnownFileType = sourcecode.swift; path = AppSettingTableViewCell.swift; sourceTree = "<group>"; };
		31CEE4E829AF0CA400E10583 /* Location.swift */ = {isa = PBXFileReference; lastKnownFileType = sourcecode.swift; path = Location.swift; sourceTree = "<group>"; };
		31F13D75297E0BBA00718DF8 /* BikePlay.app */ = {isa = PBXFileReference; explicitFileType = wrapper.application; includeInIndex = 0; path = BikePlay.app; sourceTree = BUILT_PRODUCTS_DIR; };
		31F13D78297E0BBA00718DF8 /* AppDelegate.swift */ = {isa = PBXFileReference; lastKnownFileType = sourcecode.swift; path = AppDelegate.swift; sourceTree = "<group>"; };
		31F13D7A297E0BBA00718DF8 /* SceneDelegate.swift */ = {isa = PBXFileReference; lastKnownFileType = sourcecode.swift; path = SceneDelegate.swift; sourceTree = "<group>"; };
		31F13D7C297E0BBA00718DF8 /* HomesViewController.swift */ = {isa = PBXFileReference; lastKnownFileType = sourcecode.swift; path = HomesViewController.swift; sourceTree = "<group>"; };
		31F13D7F297E0BBA00718DF8 /* Base */ = {isa = PBXFileReference; lastKnownFileType = file.storyboard; name = Base; path = Base.lproj/Main.storyboard; sourceTree = "<group>"; };
		31F13D81297E0BBB00718DF8 /* Assets.xcassets */ = {isa = PBXFileReference; lastKnownFileType = folder.assetcatalog; path = Assets.xcassets; sourceTree = "<group>"; };
		31F13D84297E0BBB00718DF8 /* Base */ = {isa = PBXFileReference; lastKnownFileType = file.storyboard; name = Base; path = Base.lproj/LaunchScreen.storyboard; sourceTree = "<group>"; };
		31F13D86297E0BBB00718DF8 /* Info.plist */ = {isa = PBXFileReference; lastKnownFileType = text.plist.xml; path = Info.plist; sourceTree = "<group>"; };
		31F13D8C297E0E2700718DF8 /* SettingsViewController.swift */ = {isa = PBXFileReference; lastKnownFileType = sourcecode.swift; path = SettingsViewController.swift; sourceTree = "<group>"; };
/* End PBXFileReference section */

/* Begin PBXFrameworksBuildPhase section */
		31F13D72297E0BBA00718DF8 /* Frameworks */ = {
			isa = PBXFrameworksBuildPhase;
			buildActionMask = 2147483647;
			files = (
				316803BB29AAA5C0008A70DA /* MapboxNavigation in Frameworks */,
				316803C029AAAA27008A70DA /* MapboxSearchUI in Frameworks */,
			);
			runOnlyForDeploymentPostprocessing = 0;
		};
/* End PBXFrameworksBuildPhase section */

/* Begin PBXGroup section */
		31122A6129AEEFA000144199 /* Models */ = {
			isa = PBXGroup;
			children = (
				31122A6229AEEFBF00144199 /* Bluetooth.swift */,
				31122A6429AEEFCF00144199 /* Weather.swift */,
				31CEE4E829AF0CA400E10583 /* Location.swift */,
			);
			path = Models;
			sourceTree = "<group>";
		};
		3161BA7829AE922B00DAB8F6 /* Controller */ = {
			isa = PBXGroup;
			children = (
				3161BA7929AE951F00DAB8F6 /* HomeViewController.swift */,
				31994DD429AEB4D700AF0C51 /* MainTabBarController.swift */,
				316803BC29AAA735008A70DA /* MapBoxViewController.swift */,
				31A2D8E229A97F1400EBFD8E /* AppSettingViewController.swift */,
				316803B729AA7063008A70DA /* BluetoothViewController.swift */,
				3132FA9229B40F1600718DCA /* RouteTableViewController.swift */,
				3132FA9829B44BCA00718DCA /* TopBannerViewController.swift */,
			);
			path = Controller;
			sourceTree = "<group>";
		};
		31994DD629AEED6700AF0C51 /* defunct */ = {
			isa = PBXGroup;
			children = (
				31F13D7C297E0BBA00718DF8 /* HomesViewController.swift */,
				31F13D8C297E0E2700718DF8 /* SettingsViewController.swift */,
				316BC6192981EBD1008D24A7 /* MapModuleViewController.swift */,
				31445F00297E3C20001ABAAA /* SearchTableViewController.swift */,
				319F5C9329837818002DB5E5 /* SheetTableViewCell.swift */,
				31A2D8DE29A93FAB00EBFD8E /* defunctStatusViewController.swift */,
			);
			path = defunct;
			sourceTree = "<group>";
		};
		31CEE4EA29AF109300E10583 /* Views */ = {
			isa = PBXGroup;
			children = (
				31CEE4EB29AF109700E10583 /* Cells */,
			);
			path = Views;
			sourceTree = "<group>";
		};
		31CEE4EB29AF109700E10583 /* Cells */ = {
			isa = PBXGroup;
			children = (
				31A2D8E629A9863D00EBFD8E /* AppSettingTableViewCell.swift */,
				316803B529AA6616008A70DA /* AppSettingSwitchTableViewCell.swift */,
				3132FA9429B4185900718DCA /* RouteTableViewCell.swift */,
				3132FA9529B4185900718DCA /* RouteTableViewCell.xib */,
			);
			path = Cells;
			sourceTree = "<group>";
		};
		31F13D6C297E0BBA00718DF8 = {
			isa = PBXGroup;
			children = (
				31F13D77297E0BBA00718DF8 /* BikePlay */,
				31F13D76297E0BBA00718DF8 /* Products */,
			);
			sourceTree = "<group>";
		};
		31F13D76297E0BBA00718DF8 /* Products */ = {
			isa = PBXGroup;
			children = (
				31F13D75297E0BBA00718DF8 /* BikePlay.app */,
			);
			name = Products;
			sourceTree = "<group>";
		};
		31F13D77297E0BBA00718DF8 /* BikePlay */ = {
			isa = PBXGroup;
			children = (
				31F13D78297E0BBA00718DF8 /* AppDelegate.swift */,
				31F13D7A297E0BBA00718DF8 /* SceneDelegate.swift */,
				31F13D7E297E0BBA00718DF8 /* Main.storyboard */,
				31122A6129AEEFA000144199 /* Models */,
				31CEE4EA29AF109300E10583 /* Views */,
				3161BA7829AE922B00DAB8F6 /* Controller */,
				31994DD629AEED6700AF0C51 /* defunct */,
				31F13D81297E0BBB00718DF8 /* Assets.xcassets */,
				31F13D83297E0BBB00718DF8 /* LaunchScreen.storyboard */,
				31F13D86297E0BBB00718DF8 /* Info.plist */,
			);
			path = BikePlay;
			sourceTree = "<group>";
		};
/* End PBXGroup section */

/* Begin PBXNativeTarget section */
		31F13D74297E0BBA00718DF8 /* BikePlay */ = {
			isa = PBXNativeTarget;
			buildConfigurationList = 31F13D89297E0BBB00718DF8 /* Build configuration list for PBXNativeTarget "BikePlay" */;
			buildPhases = (
				31F13D71297E0BBA00718DF8 /* Sources */,
				31F13D72297E0BBA00718DF8 /* Frameworks */,
				31F13D73297E0BBA00718DF8 /* Resources */,
			);
			buildRules = (
			);
			dependencies = (
			);
			name = BikePlay;
			packageProductDependencies = (
				316803BA29AAA5C0008A70DA /* MapboxNavigation */,
				316803BF29AAAA27008A70DA /* MapboxSearchUI */,
			);
			productName = BikePlay;
			productReference = 31F13D75297E0BBA00718DF8 /* BikePlay.app */;
			productType = "com.apple.product-type.application";
		};
/* End PBXNativeTarget section */

/* Begin PBXProject section */
		31F13D6D297E0BBA00718DF8 /* Project object */ = {
			isa = PBXProject;
			attributes = {
				BuildIndependentTargetsInParallel = 1;
				LastSwiftUpdateCheck = 1420;
				LastUpgradeCheck = 1420;
				TargetAttributes = {
					31F13D74297E0BBA00718DF8 = {
						CreatedOnToolsVersion = 14.2;
					};
				};
			};
			buildConfigurationList = 31F13D70297E0BBA00718DF8 /* Build configuration list for PBXProject "BikePlay" */;
			compatibilityVersion = "Xcode 14.0";
			developmentRegion = en;
			hasScannedForEncodings = 0;
			knownRegions = (
				en,
				Base,
			);
			mainGroup = 31F13D6C297E0BBA00718DF8;
			packageReferences = (
				316803B929AAA5C0008A70DA /* XCRemoteSwiftPackageReference "mapbox-navigation-ios" */,
				316803BE29AAAA27008A70DA /* XCRemoteSwiftPackageReference "search-ios" */,
			);
			productRefGroup = 31F13D76297E0BBA00718DF8 /* Products */;
			projectDirPath = "";
			projectRoot = "";
			targets = (
				31F13D74297E0BBA00718DF8 /* BikePlay */,
			);
		};
/* End PBXProject section */

/* Begin PBXResourcesBuildPhase section */
		31F13D73297E0BBA00718DF8 /* Resources */ = {
			isa = PBXResourcesBuildPhase;
			buildActionMask = 2147483647;
			files = (
				31F13D85297E0BBB00718DF8 /* LaunchScreen.storyboard in Resources */,
				31F13D82297E0BBB00718DF8 /* Assets.xcassets in Resources */,
				31F13D80297E0BBA00718DF8 /* Main.storyboard in Resources */,
				3132FA9729B4185900718DCA /* RouteTableViewCell.xib in Resources */,
			);
			runOnlyForDeploymentPostprocessing = 0;
		};
/* End PBXResourcesBuildPhase section */

/* Begin PBXSourcesBuildPhase section */
		31F13D71297E0BBA00718DF8 /* Sources */ = {
			isa = PBXSourcesBuildPhase;
			buildActionMask = 2147483647;
			files = (
				31A2D8E329A97F1400EBFD8E /* AppSettingViewController.swift in Sources */,
				31122A6529AEEFCF00144199 /* Weather.swift in Sources */,
				316803BD29AAA735008A70DA /* MapBoxViewController.swift in Sources */,
				316803B629AA6616008A70DA /* AppSettingSwitchTableViewCell.swift in Sources */,
				31A2D8DF29A93FAB00EBFD8E /* defunctStatusViewController.swift in Sources */,
				31F13D7D297E0BBA00718DF8 /* HomesViewController.swift in Sources */,
				3161BA7A29AE951F00DAB8F6 /* HomeViewController.swift in Sources */,
				31122A6329AEEFBF00144199 /* Bluetooth.swift in Sources */,
				319F5C9529837818002DB5E5 /* SheetTableViewCell.swift in Sources */,
				3132FA9329B40F1600718DCA /* RouteTableViewController.swift in Sources */,
				3132FA9629B4185900718DCA /* RouteTableViewCell.swift in Sources */,
				31A2D8E729A9863D00EBFD8E /* AppSettingTableViewCell.swift in Sources */,
				31F13D79297E0BBA00718DF8 /* AppDelegate.swift in Sources */,
				31994DD529AEB4D700AF0C51 /* MainTabBarController.swift in Sources */,
				31445F01297E3C20001ABAAA /* SearchTableViewController.swift in Sources */,
				31CEE4E929AF0CA400E10583 /* Location.swift in Sources */,
				31F13D7B297E0BBA00718DF8 /* SceneDelegate.swift in Sources */,
				316803B829AA7063008A70DA /* BluetoothViewController.swift in Sources */,
				31F13D8D297E0E2700718DF8 /* SettingsViewController.swift in Sources */,
				3132FA9929B44BCA00718DCA /* TopBannerViewController.swift in Sources */,
				316BC61A2981EBD1008D24A7 /* MapModuleViewController.swift in Sources */,
			);
			runOnlyForDeploymentPostprocessing = 0;
		};
/* End PBXSourcesBuildPhase section */

/* Begin PBXVariantGroup section */
		31F13D7E297E0BBA00718DF8 /* Main.storyboard */ = {
			isa = PBXVariantGroup;
			children = (
				31F13D7F297E0BBA00718DF8 /* Base */,
			);
			name = Main.storyboard;
			sourceTree = "<group>";
		};
		31F13D83297E0BBB00718DF8 /* LaunchScreen.storyboard */ = {
			isa = PBXVariantGroup;
			children = (
				31F13D84297E0BBB00718DF8 /* Base */,
			);
			name = LaunchScreen.storyboard;
			sourceTree = "<group>";
		};
/* End PBXVariantGroup section */

/* Begin XCBuildConfiguration section */
		31F13D87297E0BBB00718DF8 /* Debug */ = {
			isa = XCBuildConfiguration;
			buildSettings = {
				ALWAYS_SEARCH_USER_PATHS = NO;
				CLANG_ANALYZER_NONNULL = YES;
				CLANG_ANALYZER_NUMBER_OBJECT_CONVERSION = YES_AGGRESSIVE;
				CLANG_CXX_LANGUAGE_STANDARD = "gnu++20";
				CLANG_ENABLE_MODULES = YES;
				CLANG_ENABLE_OBJC_ARC = YES;
				CLANG_ENABLE_OBJC_WEAK = YES;
				CLANG_WARN_BLOCK_CAPTURE_AUTORELEASING = YES;
				CLANG_WARN_BOOL_CONVERSION = YES;
				CLANG_WARN_COMMA = YES;
				CLANG_WARN_CONSTANT_CONVERSION = YES;
				CLANG_WARN_DEPRECATED_OBJC_IMPLEMENTATIONS = YES;
				CLANG_WARN_DIRECT_OBJC_ISA_USAGE = YES_ERROR;
				CLANG_WARN_DOCUMENTATION_COMMENTS = YES;
				CLANG_WARN_EMPTY_BODY = YES;
				CLANG_WARN_ENUM_CONVERSION = YES;
				CLANG_WARN_INFINITE_RECURSION = YES;
				CLANG_WARN_INT_CONVERSION = YES;
				CLANG_WARN_NON_LITERAL_NULL_CONVERSION = YES;
				CLANG_WARN_OBJC_IMPLICIT_RETAIN_SELF = YES;
				CLANG_WARN_OBJC_LITERAL_CONVERSION = YES;
				CLANG_WARN_OBJC_ROOT_CLASS = YES_ERROR;
				CLANG_WARN_QUOTED_INCLUDE_IN_FRAMEWORK_HEADER = YES;
				CLANG_WARN_RANGE_LOOP_ANALYSIS = YES;
				CLANG_WARN_STRICT_PROTOTYPES = YES;
				CLANG_WARN_SUSPICIOUS_MOVE = YES;
				CLANG_WARN_UNGUARDED_AVAILABILITY = YES_AGGRESSIVE;
				CLANG_WARN_UNREACHABLE_CODE = YES;
				CLANG_WARN__DUPLICATE_METHOD_MATCH = YES;
				COPY_PHASE_STRIP = NO;
				DEBUG_INFORMATION_FORMAT = dwarf;
				ENABLE_STRICT_OBJC_MSGSEND = YES;
				ENABLE_TESTABILITY = YES;
				GCC_C_LANGUAGE_STANDARD = gnu11;
				GCC_DYNAMIC_NO_PIC = NO;
				GCC_NO_COMMON_BLOCKS = YES;
				GCC_OPTIMIZATION_LEVEL = 0;
				GCC_PREPROCESSOR_DEFINITIONS = (
					"DEBUG=1",
					"$(inherited)",
				);
				GCC_WARN_64_TO_32_BIT_CONVERSION = YES;
				GCC_WARN_ABOUT_RETURN_TYPE = YES_ERROR;
				GCC_WARN_UNDECLARED_SELECTOR = YES;
				GCC_WARN_UNINITIALIZED_AUTOS = YES_AGGRESSIVE;
				GCC_WARN_UNUSED_FUNCTION = YES;
				GCC_WARN_UNUSED_VARIABLE = YES;
				IPHONEOS_DEPLOYMENT_TARGET = 16.2;
				MTL_ENABLE_DEBUG_INFO = INCLUDE_SOURCE;
				MTL_FAST_MATH = YES;
				ONLY_ACTIVE_ARCH = YES;
				SDKROOT = iphoneos;
				SWIFT_ACTIVE_COMPILATION_CONDITIONS = DEBUG;
				SWIFT_OPTIMIZATION_LEVEL = "-Onone";
			};
			name = Debug;
		};
		31F13D88297E0BBB00718DF8 /* Release */ = {
			isa = XCBuildConfiguration;
			buildSettings = {
				ALWAYS_SEARCH_USER_PATHS = NO;
				CLANG_ANALYZER_NONNULL = YES;
				CLANG_ANALYZER_NUMBER_OBJECT_CONVERSION = YES_AGGRESSIVE;
				CLANG_CXX_LANGUAGE_STANDARD = "gnu++20";
				CLANG_ENABLE_MODULES = YES;
				CLANG_ENABLE_OBJC_ARC = YES;
				CLANG_ENABLE_OBJC_WEAK = YES;
				CLANG_WARN_BLOCK_CAPTURE_AUTORELEASING = YES;
				CLANG_WARN_BOOL_CONVERSION = YES;
				CLANG_WARN_COMMA = YES;
				CLANG_WARN_CONSTANT_CONVERSION = YES;
				CLANG_WARN_DEPRECATED_OBJC_IMPLEMENTATIONS = YES;
				CLANG_WARN_DIRECT_OBJC_ISA_USAGE = YES_ERROR;
				CLANG_WARN_DOCUMENTATION_COMMENTS = YES;
				CLANG_WARN_EMPTY_BODY = YES;
				CLANG_WARN_ENUM_CONVERSION = YES;
				CLANG_WARN_INFINITE_RECURSION = YES;
				CLANG_WARN_INT_CONVERSION = YES;
				CLANG_WARN_NON_LITERAL_NULL_CONVERSION = YES;
				CLANG_WARN_OBJC_IMPLICIT_RETAIN_SELF = YES;
				CLANG_WARN_OBJC_LITERAL_CONVERSION = YES;
				CLANG_WARN_OBJC_ROOT_CLASS = YES_ERROR;
				CLANG_WARN_QUOTED_INCLUDE_IN_FRAMEWORK_HEADER = YES;
				CLANG_WARN_RANGE_LOOP_ANALYSIS = YES;
				CLANG_WARN_STRICT_PROTOTYPES = YES;
				CLANG_WARN_SUSPICIOUS_MOVE = YES;
				CLANG_WARN_UNGUARDED_AVAILABILITY = YES_AGGRESSIVE;
				CLANG_WARN_UNREACHABLE_CODE = YES;
				CLANG_WARN__DUPLICATE_METHOD_MATCH = YES;
				COPY_PHASE_STRIP = NO;
				DEBUG_INFORMATION_FORMAT = "dwarf-with-dsym";
				ENABLE_NS_ASSERTIONS = NO;
				ENABLE_STRICT_OBJC_MSGSEND = YES;
				GCC_C_LANGUAGE_STANDARD = gnu11;
				GCC_NO_COMMON_BLOCKS = YES;
				GCC_WARN_64_TO_32_BIT_CONVERSION = YES;
				GCC_WARN_ABOUT_RETURN_TYPE = YES_ERROR;
				GCC_WARN_UNDECLARED_SELECTOR = YES;
				GCC_WARN_UNINITIALIZED_AUTOS = YES_AGGRESSIVE;
				GCC_WARN_UNUSED_FUNCTION = YES;
				GCC_WARN_UNUSED_VARIABLE = YES;
				IPHONEOS_DEPLOYMENT_TARGET = 16.2;
				MTL_ENABLE_DEBUG_INFO = NO;
				MTL_FAST_MATH = YES;
				SDKROOT = iphoneos;
				SWIFT_COMPILATION_MODE = wholemodule;
				SWIFT_OPTIMIZATION_LEVEL = "-O";
				VALIDATE_PRODUCT = YES;
			};
			name = Release;
		};
		31F13D8A297E0BBB00718DF8 /* Debug */ = {
			isa = XCBuildConfiguration;
			buildSettings = {
				ASSETCATALOG_COMPILER_APPICON_NAME = AppIcon;
				ASSETCATALOG_COMPILER_GLOBAL_ACCENT_COLOR_NAME = AccentColor;
				CODE_SIGN_STYLE = Automatic;
				CURRENT_PROJECT_VERSION = 1;
				DEVELOPMENT_TEAM = 2RD9B5QF3Q;
				GENERATE_INFOPLIST_FILE = YES;
				INFOPLIST_FILE = BikePlay/Info.plist;
				INFOPLIST_KEY_NSBluetoothAlwaysUsageDescription = "WE NEED THIS";
				INFOPLIST_KEY_NSBluetoothPeripheralUsageDescription = "WE ALSO NEED THIS";
				INFOPLIST_KEY_NSLocationAlwaysAndWhenInUseUsageDescription = "Location Is Needed";
				INFOPLIST_KEY_NSLocationWhenInUseUsageDescription = "Location Is Needed";
				INFOPLIST_KEY_UIApplicationSupportsIndirectInputEvents = YES;
				INFOPLIST_KEY_UILaunchStoryboardName = LaunchScreen;
				INFOPLIST_KEY_UIMainStoryboardFile = Main;
				INFOPLIST_KEY_UISupportedInterfaceOrientations_iPad = "UIInterfaceOrientationPortrait UIInterfaceOrientationPortraitUpsideDown UIInterfaceOrientationLandscapeLeft UIInterfaceOrientationLandscapeRight";
				INFOPLIST_KEY_UISupportedInterfaceOrientations_iPhone = "UIInterfaceOrientationPortrait UIInterfaceOrientationLandscapeLeft UIInterfaceOrientationLandscapeRight";
				LD_RUNPATH_SEARCH_PATHS = (
					"$(inherited)",
					"@executable_path/Frameworks",
				);
				MARKETING_VERSION = 1.0;
				PRODUCT_BUNDLE_IDENTIFIER = Picozzi.BikePlay;
				PRODUCT_NAME = "$(TARGET_NAME)";
				SWIFT_EMIT_LOC_STRINGS = YES;
				SWIFT_VERSION = 5.0;
				TARGETED_DEVICE_FAMILY = "1,2";
			};
			name = Debug;
		};
		31F13D8B297E0BBB00718DF8 /* Release */ = {
			isa = XCBuildConfiguration;
			buildSettings = {
				ASSETCATALOG_COMPILER_APPICON_NAME = AppIcon;
				ASSETCATALOG_COMPILER_GLOBAL_ACCENT_COLOR_NAME = AccentColor;
				CODE_SIGN_STYLE = Automatic;
				CURRENT_PROJECT_VERSION = 1;
				DEVELOPMENT_TEAM = 2RD9B5QF3Q;
				GENERATE_INFOPLIST_FILE = YES;
				INFOPLIST_FILE = BikePlay/Info.plist;
				INFOPLIST_KEY_NSBluetoothAlwaysUsageDescription = "WE NEED THIS";
				INFOPLIST_KEY_NSBluetoothPeripheralUsageDescription = "WE ALSO NEED THIS";
				INFOPLIST_KEY_NSLocationAlwaysAndWhenInUseUsageDescription = "Location Is Needed";
				INFOPLIST_KEY_NSLocationWhenInUseUsageDescription = "Location Is Needed";
				INFOPLIST_KEY_UIApplicationSupportsIndirectInputEvents = YES;
				INFOPLIST_KEY_UILaunchStoryboardName = LaunchScreen;
				INFOPLIST_KEY_UIMainStoryboardFile = Main;
				INFOPLIST_KEY_UISupportedInterfaceOrientations_iPad = "UIInterfaceOrientationPortrait UIInterfaceOrientationPortraitUpsideDown UIInterfaceOrientationLandscapeLeft UIInterfaceOrientationLandscapeRight";
				INFOPLIST_KEY_UISupportedInterfaceOrientations_iPhone = "UIInterfaceOrientationPortrait UIInterfaceOrientationLandscapeLeft UIInterfaceOrientationLandscapeRight";
				LD_RUNPATH_SEARCH_PATHS = (
					"$(inherited)",
					"@executable_path/Frameworks",
				);
				MARKETING_VERSION = 1.0;
				PRODUCT_BUNDLE_IDENTIFIER = Picozzi.BikePlay;
				PRODUCT_NAME = "$(TARGET_NAME)";
				SWIFT_EMIT_LOC_STRINGS = YES;
				SWIFT_VERSION = 5.0;
				TARGETED_DEVICE_FAMILY = "1,2";
			};
			name = Release;
		};
/* End XCBuildConfiguration section */

/* Begin XCConfigurationList section */
		31F13D70297E0BBA00718DF8 /* Build configuration list for PBXProject "BikePlay" */ = {
			isa = XCConfigurationList;
			buildConfigurations = (
				31F13D87297E0BBB00718DF8 /* Debug */,
				31F13D88297E0BBB00718DF8 /* Release */,
			);
			defaultConfigurationIsVisible = 0;
			defaultConfigurationName = Release;
		};
		31F13D89297E0BBB00718DF8 /* Build configuration list for PBXNativeTarget "BikePlay" */ = {
			isa = XCConfigurationList;
			buildConfigurations = (
				31F13D8A297E0BBB00718DF8 /* Debug */,
				31F13D8B297E0BBB00718DF8 /* Release */,
			);
			defaultConfigurationIsVisible = 0;
			defaultConfigurationName = Release;
		};
/* End XCConfigurationList section */

/* Begin XCRemoteSwiftPackageReference section */
		316803B929AAA5C0008A70DA /* XCRemoteSwiftPackageReference "mapbox-navigation-ios" */ = {
			isa = XCRemoteSwiftPackageReference;
			repositoryURL = "https://github.com/mapbox/mapbox-navigation-ios.git";
			requirement = {
				kind = upToNextMajorVersion;
				minimumVersion = 2.9.0;
			};
		};
		316803BE29AAAA27008A70DA /* XCRemoteSwiftPackageReference "search-ios" */ = {
			isa = XCRemoteSwiftPackageReference;
			repositoryURL = "https://github.com/mapbox/search-ios.git";
			requirement = {
				kind = exactVersion;
				version = "1.0.0-rc.1";
			};
		};
/* End XCRemoteSwiftPackageReference section */

/* Begin XCSwiftPackageProductDependency section */
		316803BA29AAA5C0008A70DA /* MapboxNavigation */ = {
			isa = XCSwiftPackageProductDependency;
			package = 316803B929AAA5C0008A70DA /* XCRemoteSwiftPackageReference "mapbox-navigation-ios" */;
			productName = MapboxNavigation;
		};
		316803BF29AAAA27008A70DA /* MapboxSearchUI */ = {
			isa = XCSwiftPackageProductDependency;
			package = 316803BE29AAAA27008A70DA /* XCRemoteSwiftPackageReference "search-ios" */;
			productName = MapboxSearchUI;
		};
/* End XCSwiftPackageProductDependency section */
	};
	rootObject = 31F13D6D297E0BBA00718DF8 /* Project object */;
}
