{
  "pins" : [
    {
      "identity" : "mapbox-common-ios",
      "kind" : "remoteSourceControl",
      "location" : "https://github.com/mapbox/mapbox-common-ios.git",
      "state" : {
        "revision" : "012a2082e005e7fb375ca2743f6f921109f37d32",
        "version" : "23.3.2"
      }
    },
    {
      "identity" : "mapbox-core-maps-ios",
      "kind" : "remoteSourceControl",
      "location" : "https://github.com/mapbox/mapbox-core-maps-ios.git",
      "state" : {
        "revision" : "dae13ea834725edb95e74c8b632578ff92f12c6c",
        "version" : "10.11.1"
      }
    },
    {
      "identity" : "mapbox-directions-swift",
      "kind" : "remoteSourceControl",
      "location" : "https://github.com/mapbox/mapbox-directions-swift.git",
      "state" : {
        "revision" : "88bc768db83c27bda403f49f22f5eda5a42ae953",
        "version" : "2.9.1"
      }
    },
    {
      "identity" : "mapbox-events-ios",
      "kind" : "remoteSourceControl",
      "location" : "https://github.com/mapbox/mapbox-events-ios.git",
      "state" : {
        "revision" : "91ae071c0232c144251dfe0d0724525deaf293d4",
        "version" : "1.0.10"
      }
    },
    {
      "identity" : "mapbox-maps-ios",
      "kind" : "remoteSourceControl",
      "location" : "https://github.com/mapbox/mapbox-maps-ios.git",
      "state" : {
        "revision" : "b1ecc114ba02d7c60d1dcf9e6c4f680a72e49d6d",
        "version" : "10.11.1"
      }
    },
    {
      "identity" : "mapbox-navigation-ios",
      "kind" : "remoteSourceControl",
      "location" : "https://github.com/mapbox/mapbox-navigation-ios.git",
      "state" : {
        "revision" : "40415fa8f8095130d7e6586191ecb8d5e4e4f8c5",
        "version" : "2.10.0"
      }
    },
    {
      "identity" : "mapbox-navigation-native-ios",
      "kind" : "remoteSourceControl",
      "location" : "https://github.com/mapbox/mapbox-navigation-native-ios.git",
      "state" : {
        "revision" : "a50aad013ef1c863db0ea48002e82485fc15a605",
        "version" : "123.3.2"
      }
    },
    {
      "identity" : "mapbox-speech-swift",
      "kind" : "remoteSourceControl",
      "location" : "https://github.com/mapbox/mapbox-speech-swift.git",
      "state" : {
        "revision" : "a9ef284deae227c6111c27a3535098c1e9a9d8e3",
        "version" : "2.1.1"
      }
    },
    {
      "identity" : "polyline",
      "kind" : "remoteSourceControl",
      "location" : "https://github.com/raphaelmor/Polyline.git",
      "state" : {
        "revision" : "353f80378dcd8f17eefe8550090c6b1ae3c9da23",
        "version" : "5.1.0"
      }
    },
    {
      "identity" : "search-ios",
      "kind" : "remoteSourceControl",
      "location" : "https://github.com/mapbox/search-ios.git",
      "state" : {
        "revision" : "6c03b8d07e85ac5fd4174672296caa6708aec79c",
        "version" : "1.0.0-rc.1"
      }
    },
    {
      "identity" : "solar",
      "kind" : "remoteSourceControl",
      "location" : "https://github.com/ceeK/Solar.git",
      "state" : {
        "revision" : "c2b96f2d5fb7f835b91cefac5e83101f54643901",
        "version" : "3.0.1"
      }
    },
    {
      "identity" : "swift-argument-parser",
      "kind" : "remoteSourceControl",
      "location" : "https://github.com/apple/swift-argument-parser",
      "state" : {
        "revision" : "fee6933f37fde9a5e12a1e4aeaa93fe60116ff2a",
        "version" : "1.2.2"
      }
    },
    {
      "identity" : "turf-swift",
      "kind" : "remoteSourceControl",
      "location" : "https://github.com/mapbox/turf-swift.git",
      "state" : {
        "revision" : "87b5b37108ba9f37f0885b586d8f6355d8240dd8",
        "version" : "2.6.1"
      }
    }
  ],
  "version" : 2
}
